# THIS IS AN AUTOGENERATED FILE. DO NOT EDIT THIS FILE DIRECTLY.
# yarn lockfile v1


"@angular/animations@^17.3.0":
  version "17.3.10"
  resolved "https://registry.yarnpkg.com/@angular/animations/-/animations-17.3.10.tgz#f62a728f078a586da27a36c931abb59fc7beb14e"
  integrity sha512-9fR5snTuG4aM2K54TG/6DXcKXMDKZMovZhjQOxO8l68/oqn6fKrHs8DLzckFs0XGRZ+2OyURH8WggFm1Z828rA==
  dependencies:
    tslib "^2.3.0"

"@angular/common@^17.3.0":
  version "17.3.10"
  resolved "https://registry.yarnpkg.com/@angular/common/-/common-17.3.10.tgz#bd395d94678eba5c4ea42c6bafd8f3151c8c5dc7"
  integrity sha512-6SfD21M3LujymmZsZQIxAsV8Bj5u6He6ImZ+p2rr7FAhFxpVJyKldK8LCmJcFsBD4srpQcxEZ0iDxXvg+0ihAw==
  dependencies:
    tslib "^2.3.0"

"@angular/compiler@^17.3.0":
  version "17.3.10"
  resolved "https://registry.yarnpkg.com/@angular/compiler/-/compiler-17.3.10.tgz#345bcdc4db45893fd0eca900181230c67499bd1d"
  integrity sha512-6Ce4siHyF0fCZBDm/cz+blJByGDu1/hbPkQVGmk5HGZTmCUeKkgyjoM6bZr7ssAsyGDRwxBh2SGHO4Ce31vuPA==
  dependencies:
    tslib "^2.3.0"

"@angular/core@^17.3.0":
  version "17.3.10"
  resolved "https://registry.yarnpkg.com/@angular/core/-/core-17.3.10.tgz#129cd916e718c668b84db1cd25d227fa1cf2645a"
  integrity sha512-ocEKu7X0yFCOvgJn1uZy76qjhsjKvULrO1k/BuIX0nwhp61DTGYTvCqKmwCBLM8/gvcKYH5vMKMHoQKtiSGE0A==
  dependencies:
    tslib "^2.3.0"

"@angular/forms@^17.3.0":
  version "17.3.10"
  resolved "https://registry.yarnpkg.com/@angular/forms/-/forms-17.3.10.tgz#9559ac2eb9411236375b7517c7ef9d3251c8e3c3"
  integrity sha512-0VZWSXDi2M3DAGJlpdV3lo73Yo/73GPRqmfTOrvIoUIenFg5Dz6oNGzvt/1aRkRn6HKccjix6iMpH91EN65pWA==
  dependencies:
    tslib "^2.3.0"

"@angular/platform-browser-dynamic@^17.3.0":
  version "17.3.10"
  resolved "https://registry.yarnpkg.com/@angular/platform-browser-dynamic/-/platform-browser-dynamic-17.3.10.tgz#00fa7a90919f63e314ad1d687645e5a148084698"
  integrity sha512-TW6G4+isdHM2ssQTRTobeAKtR2516pJ25BSwRb+9+Jw/ZAEYOOi+KQyofIFYQccaUjb3+LpjRcaZbtZ9m/Ispg==
  dependencies:
    tslib "^2.3.0"

"@angular/platform-browser@^17.3.0":
  version "17.3.10"
  resolved "https://registry.yarnpkg.com/@angular/platform-browser/-/platform-browser-17.3.10.tgz#7c513920fa8dbf52d0f70920101aad6ec71019d4"
  integrity sha512-LEhBDOKm2A7nRmZqsafVp6OinRDG1OYZBSqjnT1jZ+f0CRRFIXz6aJ0TMPoU6vq9SLRJ7vrGD9P/eBf2hW00NQ==
  dependencies:
    tslib "^2.3.0"

"@angular/router@^17.3.0":
  version "17.3.10"
  resolved "https://registry.yarnpkg.com/@angular/router/-/router-17.3.10.tgz#4cbea96eb5a11ef011a4e4e31cecb7c3c72d8fce"
  integrity sha512-HlZlR9BOLoEKGOSMjmL5EfYL7F7PeDifbFi0dYWNcrG8zFrVKFklB1cuBdJhfPZgYhDEoGms/EToD71tg5wliA==
  dependencies:
    tslib "^2.3.0"

rxjs@~7.8.0:
  version "7.8.1"
  resolved "https://registry.yarnpkg.com/rxjs/-/rxjs-7.8.1.tgz#6f6f3d99ea8044291efd92e7c7fcf562c4057543"
  integrity sha512-AA3TVj+0A2iuIoQkWEK/tqFjBq2j+6PO6Y0zJcvzLAFhEFIO3HL0vls9hWLncZbAAbK0mar7oZ4V079I/qPMxg==
  dependencies:
    tslib "^2.1.0"

tslib@^2.1.0, tslib@^2.3.0:
  version "2.6.2"
  resolved "https://registry.yarnpkg.com/tslib/-/tslib-2.6.2.tgz#703ac29425e7b37cd6fd456e92404d46d1f3e4ae"
  integrity sha512-AEYxH93jGFPn/a2iVAwW87VuUIkR1FVUKB77NwMF7nBTDkDrrT/Hpt/IrCJ0QXhW27jTBDcf5ZY7w6RiqTMw2Q==

zone.js@~0.14.3:
  version "0.14.6"
  resolved "https://registry.yarnpkg.com/zone.js/-/zone.js-0.14.6.tgz#9a74284f4812b807c97d942e78166cb2da8b5614"
  integrity sha512-vyRNFqofdaHVdWAy7v3Bzmn84a1JHWSjpuTZROT/uYn8I3p2cmo7Ro9twFmYRQDPhiYOV7QLk0hhY4JJQVqS6Q==
